<?xml version="1.0" encoding="utf-8"?>
<Project ToolsVersion="4.0" xmlns="http://schemas.microsoft.com/developer/msbuild/2003">
  <ItemGroup>
    <Filter Include="Source Files">
      <UniqueIdentifier>{4FC737F1-C7A5-4376-A066-2A32D752A2FF}</UniqueIdentifier>
      <Extensions>cpp;c;cc;cxx;c++;cppm;ixx;def;odl;idl;hpj;bat;asm;asmx</Extensions>
    </Filter>
    <Filter Include="Header Files">
      <UniqueIdentifier>{93995380-89BD-4b04-88EB-625FBE52EBFB}</UniqueIdentifier>
      <Extensions>h;hh;hpp;hxx;h++;hm;inl;inc;ipp;xsd</Extensions>
    </Filter>
    <Filter Include="Resource Files">
      <UniqueIdentifier>{67DA6AB6-F800-4c08-8B7A-83BB121AAD01}</UniqueIdentifier>
      <Extensions>rc;ico;cur;bmp;dlg;rc2;rct;bin;rgs;gif;jpg;jpeg;jpe;resx;tiff;tif;png;wav;mfcribbon-ms</Extensions>
    </Filter>
  </ItemGroup>
  <ItemGroup>
    <ClCompile Include="Blok.cpp">
      <Filter>Source Files</Filter>
    </ClCompile>
    <ClCompile Include="Buton.cpp">
      <Filter>Source Files</Filter>
    </ClCompile>
    <ClCompile Include="duvar.cpp">
      <Filter>Source Files</Filter>
    </ClCompile>
    <ClCompile Include="Pad.cpp">
      <Filter>Source Files</Filter>
    </ClCompile>
    <ClCompile Include="PencereAraci.cpp">
      <Filter>Source Files</Filter>
    </ClCompile>
    <ClCompile Include="Top.cpp">
      <Filter>Source Files</Filter>
    </ClCompile>
    <ClCompile Include="Yon.cpp">
      <Filter>Source Files</Filter>
    </ClCompile>
    <ClCompile Include="Cizilebilir.cpp">
      <Filter>Source Files</Filter>
    </ClCompile>
    <ClCompile Include="Spaceship.cpp">
      <Filter>Source Files</Filter>
    </ClCompile>
    <ClCompile Include="Animatable.cpp">
      <Filter>Source Files</Filter>
    </ClCompile>
    <ClCompile Include="Mermi.cpp">
      <Filter>Source Files</Filter>
    </ClCompile>
    <ClCompile Include="DusmanUcak.cpp">
      <Filter>Source Files</Filter>
    </ClCompile>
    <ClCompile Include="Efekt.cpp">
      <Filter>Source Files</Filter>
    </ClCompile>
    <ClCompile Include="main.cpp">
      <Filter>Source Files</Filter>
    </ClCompile>
    <ClCompile Include="Oyun.cpp">
      <Filter>Source Files</Filter>
    </ClCompile>
    <ClCompile Include="Pencere.cpp">
      <Filter>Source Files</Filter>
    </ClCompile>
  </ItemGroup>
  <ItemGroup>
    <ClInclude Include="Blok.hpp">
      <Filter>Header Files</Filter>
    </ClInclude>
    <ClInclude Include="Buton.hpp">
      <Filter>Header Files</Filter>
    </ClInclude>
    <ClInclude Include="duvar.hpp">
      <Filter>Header Files</Filter>
    </ClInclude>
    <ClInclude Include="Ortak.hpp">
      <Filter>Header Files</Filter>
    </ClInclude>
    <ClInclude Include="Pad.hpp">
      <Filter>Header Files</Filter>
    </ClInclude>
    <ClInclude Include="PencereAraci.hpp">
      <Filter>Header Files</Filter>
    </ClInclude>
    <ClInclude Include="Top.hpp">
      <Filter>Header Files</Filter>
    </ClInclude>
    <ClInclude Include="Cizilebilir.hpp">
      <Filter>Header Files</Filter>
    </ClInclude>
    <ClInclude Include="Spaceship.hpp">
      <Filter>Header Files</Filter>
    </ClInclude>
    <ClInclude Include="Animatable.hpp">
      <Filter>Header Files</Filter>
    </ClInclude>
    <ClInclude Include="Mermi.hpp">
      <Filter>Header Files</Filter>
    </ClInclude>
    <ClInclude Include="DusmanUcak.hpp">
      <Filter>Header Files</Filter>
    </ClInclude>
    <ClInclude Include="Efekt.hpp">
      <Filter>Header Files</Filter>
    </ClInclude>
    <ClInclude Include="Olaylar.hpp">
      <Filter>Header Files</Filter>
    </ClInclude>
    <ClInclude Include="Oyun.hpp">
      <Filter>Header Files</Filter>
    </ClInclude>
    <ClInclude Include="Pencere.hpp">
      <Filter>Header Files</Filter>
    </ClInclude>
  </ItemGroup>
</Project>