<?xml version="1.0" encoding="utf-8"?>
<Project ToolsVersion="4.0" xmlns="http://schemas.microsoft.com/developer/msbuild/2003">
  <ItemGroup>
    <Filter Include="Source Files">
      <UniqueIdentifier>{4FC737F1-C7A5-4376-A066-2A32D752A2FF}</UniqueIdentifier>
      <Extensions>cpp;c;cc;cxx;c++;cppm;ixx;def;odl;idl;hpj;bat;asm;asmx</Extensions>
    </Filter>
    <Filter Include="Header Files">
      <UniqueIdentifier>{93995380-89BD-4b04-88EB-625FBE52EBFB}</UniqueIdentifier>
      <Extensions>h;hh;hpp;hxx;h++;hm;inl;inc;ipp;xsd</Extensions>
    </Filter>
    <Filter Include="Resource Files">
      <UniqueIdentifier>{67DA6AB6-F800-4c08-8B7A-83BB121AAD01}</UniqueIdentifier>
      <Extensions>rc;ico;cur;bmp;dlg;rc2;rct;bin;rgs;gif;jpg;jpeg;jpe;resx;tiff;tif;png;wav;mfcribbon-ms</Extensions>
    </Filter>
    <Filter Include="Source Files\Entities">
      <UniqueIdentifier>{fb108bff-cb0a-43da-b7a2-140ec42dd50d}</UniqueIdentifier>
    </Filter>
    <Filter Include="Source Files\Window">
      <UniqueIdentifier>{f6cc380c-2d8c-4b48-83eb-852c7ea43321}</UniqueIdentifier>
    </Filter>
    <Filter Include="Source Files\Enum">
      <UniqueIdentifier>{7aade4ec-301d-4788-bcaa-cb5c31b3a0b2}</UniqueIdentifier>
    </Filter>
    <Filter Include="Source Files\Abstract">
      <UniqueIdentifier>{5cadc382-7efb-4cba-bb93-484f8bf8c986}</UniqueIdentifier>
    </Filter>
    <Filter Include="Source Files\Engine">
      <UniqueIdentifier>{81bf6173-260c-4ea8-9b7a-22fde8e8f7db}</UniqueIdentifier>
    </Filter>
    <Filter Include="Source Files\Display">
      <UniqueIdentifier>{d34ef825-b1db-4287-863d-03d2adfc4466}</UniqueIdentifier>
    </Filter>
  </ItemGroup>
  <ItemGroup>
    <ClCompile Include="main.cpp">
      <Filter>Source Files</Filter>
    </ClCompile>
    <ClCompile Include="Oyun.cpp">
      <Filter>Source Files</Filter>
    </ClCompile>
    <ClCompile Include="GemiTuru.hpp">
      <Filter>Source Files\Enum</Filter>
    </ClCompile>
    <ClCompile Include="Spaceship.cpp">
      <Filter>Source Files\Entities</Filter>
    </ClCompile>
    <ClCompile Include="Mermi.cpp">
      <Filter>Source Files\Entities</Filter>
    </ClCompile>
    <ClCompile Include="Efekt.cpp">
      <Filter>Source Files\Entities</Filter>
    </ClCompile>
    <ClCompile Include="DusmanUcak.cpp">
      <Filter>Source Files\Entities</Filter>
    </ClCompile>
    <ClCompile Include="Animatable.cpp">
      <Filter>Source Files\Abstract</Filter>
    </ClCompile>
    <ClCompile Include="Cizilebilir.cpp">
      <Filter>Source Files\Abstract</Filter>
    </ClCompile>
    <ClCompile Include="EventControl.cpp">
      <Filter>Source Files\Engine</Filter>
    </ClCompile>
    <ClCompile Include="OyunZekasi.cpp">
      <Filter>Source Files\Engine</Filter>
    </ClCompile>
    <ClCompile Include="NesneYonetici.cpp">
      <Filter>Source Files\Engine</Filter>
    </ClCompile>
    <ClCompile Include="Onbellek.cpp">
      <Filter>Source Files\Engine</Filter>
    </ClCompile>
    <ClCompile Include="PencereAraci.cpp">
      <Filter>Source Files\Display</Filter>
    </ClCompile>
    <ClCompile Include="Pencere.cpp">
      <Filter>Source Files\Display</Filter>
    </ClCompile>
    <ClCompile Include="Buton.cpp">
      <Filter>Source Files\Display</Filter>
    </ClCompile>
    <ClCompile Include="Spacemine.cpp">
      <Filter>Source Files\Entities</Filter>
    </ClCompile>
    <ClCompile Include="Spacebomb.cpp">
      <Filter>Source Files\Entities</Filter>
    </ClCompile>
    <ClCompile Include="Spacestation.cpp">
      <Filter>Source Files\Entities</Filter>
    </ClCompile>
  </ItemGroup>
  <ItemGroup>
    <ClInclude Include="Buton.hpp">
      <Filter>Header Files</Filter>
    </ClInclude>
    <ClInclude Include="Ortak.hpp">
      <Filter>Header Files</Filter>
    </ClInclude>
    <ClInclude Include="PencereAraci.hpp">
      <Filter>Header Files</Filter>
    </ClInclude>
    <ClInclude Include="Cizilebilir.hpp">
      <Filter>Header Files</Filter>
    </ClInclude>
    <ClInclude Include="Spaceship.hpp">
      <Filter>Header Files</Filter>
    </ClInclude>
    <ClInclude Include="Animatable.hpp">
      <Filter>Header Files</Filter>
    </ClInclude>
    <ClInclude Include="Mermi.hpp">
      <Filter>Header Files</Filter>
    </ClInclude>
    <ClInclude Include="DusmanUcak.hpp">
      <Filter>Header Files</Filter>
    </ClInclude>
    <ClInclude Include="Efekt.hpp">
      <Filter>Header Files</Filter>
    </ClInclude>
    <ClInclude Include="Olaylar.hpp">
      <Filter>Header Files</Filter>
    </ClInclude>
    <ClInclude Include="Oyun.hpp">
      <Filter>Header Files</Filter>
    </ClInclude>
    <ClInclude Include="Pencere.hpp">
      <Filter>Header Files</Filter>
    </ClInclude>
    <ClInclude Include="EventControl.hpp">
      <Filter>Header Files</Filter>
    </ClInclude>
    <ClInclude Include="Onbellek.hpp">
      <Filter>Header Files</Filter>
    </ClInclude>
    <ClInclude Include="NesneYonetici.hpp">
      <Filter>Header Files</Filter>
    </ClInclude>
    <ClInclude Include="OyunZekasi.hpp">
      <Filter>Header Files</Filter>
    </ClInclude>
    <ClInclude Include="Spacebomb.hpp">
      <Filter>Header Files</Filter>
    </ClInclude>
    <ClInclude Include="Spacemine.hpp">
      <Filter>Header Files</Filter>
    </ClInclude>
    <ClInclude Include="Spacestation.hpp">
      <Filter>Header Files</Filter>
    </ClInclude>
  </ItemGroup>
</Project>